
Microsoft Visual Studio Solution File, Format Version 12.00
# Visual Studio Version 17
VisualStudioVersion = 17.5.33318.248
MinimumVisualStudioVersion = 10.0.40219.1
Project("{9A19103F-16F7-4668-BE54-9A1E7A4F7556}") = "Whisper.net.Demo", "Whisper.net.Demo\Whisper.net.Demo.csproj", "{C1C29732-1BC2-477D-A116-C5003E1D0C85}"
EndProject
Project("{2150E333-8FDC-42A3-9474-1A3956D46DE8}") = "Solution Items", "Solution Items", "{2C8F58A8-37D9-4E96-AE73-B3B37AEC10C1}"
	ProjectSection(SolutionItems) = preProject
		.editorconfig = .editorconfig
		.gitignore = .gitignore
		Directory.Packages.props = Directory.Packages.props
		nuget.config = nuget.config
		readme.md = readme.md
	EndProjectSection
EndProject
Project("{9A19103F-16F7-4668-BE54-9A1E7A4F7556}") = "Whisper.net", "Whisper.net\Whisper.net.csproj", "{5D1F57EB-AF79-419C-8DCB-E23F7BEC3E8C}"
EndProject
Project("{2150E333-8FDC-42A3-9474-1A3956D46DE8}") = "github", "github", "{5C865649-4AED-4BBF-A7CA-BD68D21EF48F}"
	ProjectSection(SolutionItems) = preProject
		.github\workflows\android-native-build.yml = .github\workflows\android-native-build.yml
		.github\workflows\build-all.yml = .github\workflows\build-all.yml
		.github\workflows\dotnet-maui.yml = .github\workflows\dotnet-maui.yml
		.github\workflows\dotnet.yml = .github\workflows\dotnet.yml
		.github\workflows\dotnet-noavx.yml = .github\workflows\dotnet-noavx.yml
		.github\workflows\linux-cuda-native-build.yml = .github\workflows\linux-cuda-native-build.yml
		.github\workflows\linux-native-build.yml = .github\workflows\linux-native-build.yml
		.github\workflows\linux-noavx-native-build.yml = .github\workflows\linux-noavx-native-build.yml
		.github\workflows\linux-openvino-native-build.yml = .github\workflows\linux-openvino-native-build.yml
		.github\workflows\linux-vulkan-native-build.yml = .github\workflows\linux-vulkan-native-build.yml
		.github\workflows\macos-coreml-native-build.yml = .github\workflows\macos-coreml-native-build.yml
		.github\workflows\macos-native-build.yml = .github\workflows\macos-native-build.yml
		.github\workflows\pack-all.yml = .github\workflows\pack-all.yml
		.github\workflows\wasm-native-build.yml = .github\workflows\wasm-native-build.yml
		.github\workflows\windows-cuda-native-build.yml = .github\workflows\windows-cuda-native-build.yml
		.github\workflows\windows-native-build.yml = .github\workflows\windows-native-build.yml
		.github\workflows\windows-noavx-native-build.yml = .github\workflows\windows-noavx-native-build.yml
		.github\workflows\windows-openvino-native-build.yml = .github\workflows\windows-openvino-native-build.yml
		.github\workflows\windows-vulkan-native-build.yml = .github\workflows\windows-vulkan-native-build.yml
	EndProjectSection
EndProject
Project("{2150E333-8FDC-42A3-9474-1A3956D46DE8}") = "scripts", "scripts", "{52C6C243-3BD7-41CF-A0B0-1DE31AC2C884}"
	ProjectSection(SolutionItems) = preProject
		Makefile = Makefile
		windows-scripts.ps1 = windows-scripts.ps1
	EndProjectSection
EndProject
Project("{2150E333-8FDC-42A3-9474-1A3956D46DE8}") = "runtimes", "runtimes", "{CC45AC94-3CD7-45D8-A847-2D9C06E1806A}"
	ProjectSection(SolutionItems) = preProject
		runtimes\Whisper.net.AllRuntimes.nuspec = runtimes\Whisper.net.AllRuntimes.nuspec
		runtimes\Whisper.net.Runtime.CoreML.nuspec = runtimes\Whisper.net.Runtime.CoreML.nuspec
		runtimes\Whisper.net.Runtime.CoreML\Whisper.net.Runtime.CoreML.targets = runtimes\Whisper.net.Runtime.CoreML\Whisper.net.Runtime.CoreML.targets
		runtimes\Whisper.net.Runtime.Cuda.Linux.nuspec = runtimes\Whisper.net.Runtime.Cuda.Linux.nuspec
		runtimes\Whisper.net.Runtime.Cuda.Linux\Whisper.net.Runtime.Cuda.Linux.targets = runtimes\Whisper.net.Runtime.Cuda.Linux\Whisper.net.Runtime.Cuda.Linux.targets
		runtimes\Whisper.net.Runtime.Cuda.nuspec = runtimes\Whisper.net.Runtime.Cuda.nuspec
		runtimes\Whisper.net.Runtime.Cuda.Windows.nuspec = runtimes\Whisper.net.Runtime.Cuda.Windows.nuspec
		runtimes\Whisper.net.Runtime.Cuda.Windows\Whisper.net.Runtime.Cuda.Windows.targets = runtimes\Whisper.net.Runtime.Cuda.Windows\Whisper.net.Runtime.Cuda.Windows.targets
		runtimes\Whisper.net.Runtime.NoAvx.nuspec = runtimes\Whisper.net.Runtime.NoAvx.nuspec
		runtimes\Whisper.net.Runtime.NoAvx\Whisper.net.Runtime.NoAvx.targets = runtimes\Whisper.net.Runtime.NoAvx\Whisper.net.Runtime.NoAvx.targets
		runtimes\Whisper.net.Runtime.nuspec = runtimes\Whisper.net.Runtime.nuspec
		runtimes\Whisper.net.Runtime.OpenVino.nuspec = runtimes\Whisper.net.Runtime.OpenVino.nuspec
		runtimes\Whisper.net.Runtime.OpenVino\Whisper.net.Runtime.OpenVino.targets = runtimes\Whisper.net.Runtime.OpenVino\Whisper.net.Runtime.OpenVino.targets
		runtimes\Whisper.net.Runtime\Whisper.net.Runtime.targets = runtimes\Whisper.net.Runtime\Whisper.net.Runtime.targets
		runtimes\Whisper.net.Runtime.Vulkan.nuspec = runtimes\Whisper.net.Runtime.Vulkan.nuspec
		runtimes\Whisper.net.Runtime.Vulkan\Whisper.net.Runtime.Vulkan.targets = runtimes\Whisper.net.Runtime.Vulkan\Whisper.net.Runtime.Vulkan.targets
		runtimes\Whisper.net.Runtime.Metal.nuspec = runtimes\Whisper.net.Runtime.Metal.nuspec
		runtimes\Whisper.net.Runtime.Metal\Whisper.net.Runtime.Metal.targets = runtimes\Whisper.net.Runtime.Metal\Whisper.net.Runtime.Metal.targets
	EndProjectSection
EndProject
Project("{FAE04EC0-301F-11D3-BF4B-00C04F79EFBC}") = "Whisper.net.Tests", "tests\Whisper.net.Tests\Whisper.net.Tests.csproj", "{CE567791-96B8-4377-AF4F-49D75035348D}"
EndProject
Project("{FAE04EC0-301F-11D3-BF4B-00C04F79EFBC}") = "Whisper.net.Tests.Maui", "tests\Whisper.net.Tests.Maui\Whisper.net.Tests.Maui.csproj", "{FFC940CC-A213-49BF-959F-D6B85DB7FD2B}"
EndProject
Global
	GlobalSection(SolutionConfigurationPlatforms) = preSolution
		Debug|Any CPU = Debug|Any CPU
		Debug|x64 = Debug|x64
		Debug|x86 = Debug|x86
		MinSizeRel|Any CPU = MinSizeRel|Any CPU
		MinSizeRel|x64 = MinSizeRel|x64
		MinSizeRel|x86 = MinSizeRel|x86
		Release|Any CPU = Release|Any CPU
		Release|x64 = Release|x64
		Release|x86 = Release|x86
		RelWithDebInfo|Any CPU = RelWithDebInfo|Any CPU
		RelWithDebInfo|x64 = RelWithDebInfo|x64
		RelWithDebInfo|x86 = RelWithDebInfo|x86
	EndGlobalSection
	GlobalSection(ProjectConfigurationPlatforms) = postSolution
		{C1C29732-1BC2-477D-A116-C5003E1D0C85}.Debug|Any CPU.ActiveCfg = Debug|Any CPU
		{C1C29732-1BC2-477D-A116-C5003E1D0C85}.Debug|Any CPU.Build.0 = Debug|Any CPU
		{C1C29732-1BC2-477D-A116-C5003E1D0C85}.Debug|x64.ActiveCfg = Debug|Any CPU
		{C1C29732-1BC2-477D-A116-C5003E1D0C85}.Debug|x64.Build.0 = Debug|Any CPU
		{C1C29732-1BC2-477D-A116-C5003E1D0C85}.Debug|x86.ActiveCfg = Debug|Any CPU
		{C1C29732-1BC2-477D-A116-C5003E1D0C85}.Debug|x86.Build.0 = Debug|Any CPU
		{C1C29732-1BC2-477D-A116-C5003E1D0C85}.MinSizeRel|Any CPU.ActiveCfg = Release|Any CPU
		{C1C29732-1BC2-477D-A116-C5003E1D0C85}.MinSizeRel|Any CPU.Build.0 = Release|Any CPU
		{C1C29732-1BC2-477D-A116-C5003E1D0C85}.MinSizeRel|x64.ActiveCfg = Release|Any CPU
		{C1C29732-1BC2-477D-A116-C5003E1D0C85}.MinSizeRel|x64.Build.0 = Release|Any CPU
		{C1C29732-1BC2-477D-A116-C5003E1D0C85}.MinSizeRel|x86.ActiveCfg = Release|Any CPU
		{C1C29732-1BC2-477D-A116-C5003E1D0C85}.MinSizeRel|x86.Build.0 = Release|Any CPU
		{C1C29732-1BC2-477D-A116-C5003E1D0C85}.Release|Any CPU.ActiveCfg = Release|Any CPU
		{C1C29732-1BC2-477D-A116-C5003E1D0C85}.Release|Any CPU.Build.0 = Release|Any CPU
		{C1C29732-1BC2-477D-A116-C5003E1D0C85}.Release|x64.ActiveCfg = Release|Any CPU
		{C1C29732-1BC2-477D-A116-C5003E1D0C85}.Release|x64.Build.0 = Release|Any CPU
		{C1C29732-1BC2-477D-A116-C5003E1D0C85}.Release|x86.ActiveCfg = Release|Any CPU
		{C1C29732-1BC2-477D-A116-C5003E1D0C85}.Release|x86.Build.0 = Release|Any CPU
		{C1C29732-1BC2-477D-A116-C5003E1D0C85}.RelWithDebInfo|Any CPU.ActiveCfg = Release|Any CPU
		{C1C29732-1BC2-477D-A116-C5003E1D0C85}.RelWithDebInfo|Any CPU.Build.0 = Release|Any CPU
		{C1C29732-1BC2-477D-A116-C5003E1D0C85}.RelWithDebInfo|x64.ActiveCfg = Release|Any CPU
		{C1C29732-1BC2-477D-A116-C5003E1D0C85}.RelWithDebInfo|x64.Build.0 = Release|Any CPU
		{C1C29732-1BC2-477D-A116-C5003E1D0C85}.RelWithDebInfo|x86.ActiveCfg = Release|Any CPU
		{C1C29732-1BC2-477D-A116-C5003E1D0C85}.RelWithDebInfo|x86.Build.0 = Release|Any CPU
		{5D1F57EB-AF79-419C-8DCB-E23F7BEC3E8C}.Debug|Any CPU.ActiveCfg = Debug|Any CPU
		{5D1F57EB-AF79-419C-8DCB-E23F7BEC3E8C}.Debug|Any CPU.Build.0 = Debug|Any CPU
		{5D1F57EB-AF79-419C-8DCB-E23F7BEC3E8C}.Debug|x64.ActiveCfg = Debug|Any CPU
		{5D1F57EB-AF79-419C-8DCB-E23F7BEC3E8C}.Debug|x64.Build.0 = Debug|Any CPU
		{5D1F57EB-AF79-419C-8DCB-E23F7BEC3E8C}.Debug|x86.ActiveCfg = Debug|Any CPU
		{5D1F57EB-AF79-419C-8DCB-E23F7BEC3E8C}.Debug|x86.Build.0 = Debug|Any CPU
		{5D1F57EB-AF79-419C-8DCB-E23F7BEC3E8C}.MinSizeRel|Any CPU.ActiveCfg = Release|Any CPU
		{5D1F57EB-AF79-419C-8DCB-E23F7BEC3E8C}.MinSizeRel|Any CPU.Build.0 = Release|Any CPU
		{5D1F57EB-AF79-419C-8DCB-E23F7BEC3E8C}.MinSizeRel|x64.ActiveCfg = Release|Any CPU
		{5D1F57EB-AF79-419C-8DCB-E23F7BEC3E8C}.MinSizeRel|x64.Build.0 = Release|Any CPU
		{5D1F57EB-AF79-419C-8DCB-E23F7BEC3E8C}.MinSizeRel|x86.ActiveCfg = Release|Any CPU
		{5D1F57EB-AF79-419C-8DCB-E23F7BEC3E8C}.MinSizeRel|x86.Build.0 = Release|Any CPU
		{5D1F57EB-AF79-419C-8DCB-E23F7BEC3E8C}.Release|Any CPU.ActiveCfg = Release|Any CPU
		{5D1F57EB-AF79-419C-8DCB-E23F7BEC3E8C}.Release|Any CPU.Build.0 = Release|Any CPU
		{5D1F57EB-AF79-419C-8DCB-E23F7BEC3E8C}.Release|x64.ActiveCfg = Release|Any CPU
		{5D1F57EB-AF79-419C-8DCB-E23F7BEC3E8C}.Release|x64.Build.0 = Release|Any CPU
		{5D1F57EB-AF79-419C-8DCB-E23F7BEC3E8C}.Release|x86.ActiveCfg = Release|Any CPU
		{5D1F57EB-AF79-419C-8DCB-E23F7BEC3E8C}.Release|x86.Build.0 = Release|Any CPU
		{5D1F57EB-AF79-419C-8DCB-E23F7BEC3E8C}.RelWithDebInfo|Any CPU.ActiveCfg = Release|Any CPU
		{5D1F57EB-AF79-419C-8DCB-E23F7BEC3E8C}.RelWithDebInfo|Any CPU.Build.0 = Release|Any CPU
		{5D1F57EB-AF79-419C-8DCB-E23F7BEC3E8C}.RelWithDebInfo|x64.ActiveCfg = Release|Any CPU
		{5D1F57EB-AF79-419C-8DCB-E23F7BEC3E8C}.RelWithDebInfo|x64.Build.0 = Release|Any CPU
		{5D1F57EB-AF79-419C-8DCB-E23F7BEC3E8C}.RelWithDebInfo|x86.ActiveCfg = Release|Any CPU
		{5D1F57EB-AF79-419C-8DCB-E23F7BEC3E8C}.RelWithDebInfo|x86.Build.0 = Release|Any CPU
		{CE567791-96B8-4377-AF4F-49D75035348D}.Debug|Any CPU.ActiveCfg = Debug|Any CPU
		{CE567791-96B8-4377-AF4F-49D75035348D}.Debug|Any CPU.Build.0 = Debug|Any CPU
		{CE567791-96B8-4377-AF4F-49D75035348D}.Debug|x64.ActiveCfg = Debug|Any CPU
		{CE567791-96B8-4377-AF4F-49D75035348D}.Debug|x64.Build.0 = Debug|Any CPU
		{CE567791-96B8-4377-AF4F-49D75035348D}.Debug|x86.ActiveCfg = Debug|Any CPU
		{CE567791-96B8-4377-AF4F-49D75035348D}.Debug|x86.Build.0 = Debug|Any CPU
		{CE567791-96B8-4377-AF4F-49D75035348D}.MinSizeRel|Any CPU.ActiveCfg = Debug|Any CPU
		{CE567791-96B8-4377-AF4F-49D75035348D}.MinSizeRel|Any CPU.Build.0 = Debug|Any CPU
		{CE567791-96B8-4377-AF4F-49D75035348D}.MinSizeRel|x64.ActiveCfg = Debug|Any CPU
		{CE567791-96B8-4377-AF4F-49D75035348D}.MinSizeRel|x64.Build.0 = Debug|Any CPU
		{CE567791-96B8-4377-AF4F-49D75035348D}.MinSizeRel|x86.ActiveCfg = Debug|Any CPU
		{CE567791-96B8-4377-AF4F-49D75035348D}.MinSizeRel|x86.Build.0 = Debug|Any CPU
		{CE567791-96B8-4377-AF4F-49D75035348D}.Release|Any CPU.ActiveCfg = Release|Any CPU
		{CE567791-96B8-4377-AF4F-49D75035348D}.Release|Any CPU.Build.0 = Release|Any CPU
		{CE567791-96B8-4377-AF4F-49D75035348D}.Release|x64.ActiveCfg = Release|Any CPU
		{CE567791-96B8-4377-AF4F-49D75035348D}.Release|x64.Build.0 = Release|Any CPU
		{CE567791-96B8-4377-AF4F-49D75035348D}.Release|x86.ActiveCfg = Release|Any CPU
		{CE567791-96B8-4377-AF4F-49D75035348D}.Release|x86.Build.0 = Release|Any CPU
		{CE567791-96B8-4377-AF4F-49D75035348D}.RelWithDebInfo|Any CPU.ActiveCfg = Release|Any CPU
		{CE567791-96B8-4377-AF4F-49D75035348D}.RelWithDebInfo|Any CPU.Build.0 = Release|Any CPU
		{CE567791-96B8-4377-AF4F-49D75035348D}.RelWithDebInfo|x64.ActiveCfg = Release|Any CPU
		{CE567791-96B8-4377-AF4F-49D75035348D}.RelWithDebInfo|x64.Build.0 = Release|Any CPU
		{CE567791-96B8-4377-AF4F-49D75035348D}.RelWithDebInfo|x86.ActiveCfg = Release|Any CPU
		{CE567791-96B8-4377-AF4F-49D75035348D}.RelWithDebInfo|x86.Build.0 = Release|Any CPU
		{FFC940CC-A213-49BF-959F-D6B85DB7FD2B}.Debug|Any CPU.ActiveCfg = Debug|Any CPU
		{FFC940CC-A213-49BF-959F-D6B85DB7FD2B}.Debug|Any CPU.Build.0 = Debug|Any CPU
		{FFC940CC-A213-49BF-959F-D6B85DB7FD2B}.Debug|x64.ActiveCfg = Debug|Any CPU
		{FFC940CC-A213-49BF-959F-D6B85DB7FD2B}.Debug|x64.Build.0 = Debug|Any CPU
		{FFC940CC-A213-49BF-959F-D6B85DB7FD2B}.Debug|x86.ActiveCfg = Debug|Any CPU
		{FFC940CC-A213-49BF-959F-D6B85DB7FD2B}.Debug|x86.Build.0 = Debug|Any CPU
		{FFC940CC-A213-49BF-959F-D6B85DB7FD2B}.MinSizeRel|Any CPU.ActiveCfg = Debug|Any CPU
		{FFC940CC-A213-49BF-959F-D6B85DB7FD2B}.MinSizeRel|Any CPU.Build.0 = Debug|Any CPU
		{FFC940CC-A213-49BF-959F-D6B85DB7FD2B}.MinSizeRel|x64.ActiveCfg = Debug|Any CPU
		{FFC940CC-A213-49BF-959F-D6B85DB7FD2B}.MinSizeRel|x64.Build.0 = Debug|Any CPU
		{FFC940CC-A213-49BF-959F-D6B85DB7FD2B}.MinSizeRel|x86.ActiveCfg = Debug|Any CPU
		{FFC940CC-A213-49BF-959F-D6B85DB7FD2B}.MinSizeRel|x86.Build.0 = Debug|Any CPU
		{FFC940CC-A213-49BF-959F-D6B85DB7FD2B}.Release|Any CPU.ActiveCfg = Release|Any CPU
		{FFC940CC-A213-49BF-959F-D6B85DB7FD2B}.Release|Any CPU.Build.0 = Release|Any CPU
		{FFC940CC-A213-49BF-959F-D6B85DB7FD2B}.Release|x64.ActiveCfg = Release|Any CPU
		{FFC940CC-A213-49BF-959F-D6B85DB7FD2B}.Release|x64.Build.0 = Release|Any CPU
		{FFC940CC-A213-49BF-959F-D6B85DB7FD2B}.Release|x86.ActiveCfg = Release|Any CPU
		{FFC940CC-A213-49BF-959F-D6B85DB7FD2B}.Release|x86.Build.0 = Release|Any CPU
		{FFC940CC-A213-49BF-959F-D6B85DB7FD2B}.RelWithDebInfo|Any CPU.ActiveCfg = Debug|Any CPU
		{FFC940CC-A213-49BF-959F-D6B85DB7FD2B}.RelWithDebInfo|Any CPU.Build.0 = Debug|Any CPU
		{FFC940CC-A213-49BF-959F-D6B85DB7FD2B}.RelWithDebInfo|x64.ActiveCfg = Debug|Any CPU
		{FFC940CC-A213-49BF-959F-D6B85DB7FD2B}.RelWithDebInfo|x64.Build.0 = Debug|Any CPU
		{FFC940CC-A213-49BF-959F-D6B85DB7FD2B}.RelWithDebInfo|x86.ActiveCfg = Debug|Any CPU
		{FFC940CC-A213-49BF-959F-D6B85DB7FD2B}.RelWithDebInfo|x86.Build.0 = Debug|Any CPU
	EndGlobalSection
	GlobalSection(SolutionProperties) = preSolution
		HideSolutionNode = FALSE
	EndGlobalSection
	GlobalSection(NestedProjects) = preSolution
		{5C865649-4AED-4BBF-A7CA-BD68D21EF48F} = {2C8F58A8-37D9-4E96-AE73-B3B37AEC10C1}
		{52C6C243-3BD7-41CF-A0B0-1DE31AC2C884} = {2C8F58A8-37D9-4E96-AE73-B3B37AEC10C1}
		{CC45AC94-3CD7-45D8-A847-2D9C06E1806A} = {2C8F58A8-37D9-4E96-AE73-B3B37AEC10C1}
	EndGlobalSection
	GlobalSection(ExtensibilityGlobals) = postSolution
		SolutionGuid = {F5CAA926-1B7D-3A67-9130-E6EFE3E9DFD9}
	EndGlobalSection
EndGlobal
