
Microsoft Visual Studio Solution File, Format Version 12.00
# Visual Studio Version 17
VisualStudioVersion = 17.7.33711.374
MinimumVisualStudioVersion = 10.0.40219.1
Project("{FAE04EC0-301F-11D3-BF4B-00C04F79EFBC}") = "DiarizationWhisperExample", "DiarizationWhisperExample.csproj", "{69CC6EC1-BC0A-4603-B3BF-42643CAD7428}"
EndProject
Global
	GlobalSection(SolutionConfigurationPlatforms) = preSolution
		Debug|Any CPU = Debug|Any CPU
		Release|Any CPU = Release|Any CPU
	EndGlobalSection
	GlobalSection(ProjectConfigurationPlatforms) = postSolution
		{69CC6EC1-BC0A-4603-B3BF-42643CAD7428}.Debug|Any CPU.ActiveCfg = Debug|Any CPU
		{69CC6EC1-BC0A-4603-B3BF-42643CAD7428}.Debug|Any CPU.Build.0 = Debug|Any CPU
		{69CC6EC1-BC0A-4603-B3BF-42643CAD7428}.Release|Any CPU.ActiveCfg = Release|Any CPU
		{69CC6EC1-BC0A-4603-B3BF-42643CAD7428}.Release|Any CPU.Build.0 = Release|Any CPU
	EndGlobalSection
	GlobalSection(SolutionProperties) = preSolution
		HideSolutionNode = FALSE
	EndGlobalSection
	GlobalSection(ExtensibilityGlobals) = postSolution
		SolutionGuid = {E9C24FFA-E317-48FF-90CD-001B671AEA84}
	EndGlobalSection
EndGlobal
