Microsoft Visual Studio Solution File, Format Version 12.00
# Visual Studio Version 17
VisualStudioVersion = 17.5.2.0
MinimumVisualStudioVersion = 10.0.40219.1
Project("{FAE04EC0-301F-11D3-BF4B-00C04F79EFBC}") = "Whisper.net.Demo", "Whisper.net.Demo.csproj", "{C98BD896-29FA-3E24-8D52-DE5AE94A47CC}"
EndProject
Global
	GlobalSection(SolutionConfigurationPlatforms) = preSolution
		Debug|Any CPU = Debug|Any CPU
		Release|Any CPU = Release|Any CPU
	EndGlobalSection
	GlobalSection(ProjectConfigurationPlatforms) = postSolution
		{C98BD896-29FA-3E24-8D52-DE5AE94A47CC}.Debug|Any CPU.ActiveCfg = Debug|Any CPU
		{C98BD896-29FA-3E24-8D52-DE5AE94A47CC}.Debug|Any CPU.Build.0 = Debug|Any CPU
		{C98BD896-29FA-3E24-8D52-DE5AE94A47CC}.Release|Any CPU.ActiveCfg = Release|Any CPU
		{C98BD896-29FA-3E24-8D52-DE5AE94A47CC}.Release|Any CPU.Build.0 = Release|Any CPU
	EndGlobalSection
	GlobalSection(SolutionProperties) = preSolution
		HideSolutionNode = FALSE
	EndGlobalSection
	GlobalSection(ExtensibilityGlobals) = postSolution
		SolutionGuid = {85152ABC-2DDD-454F-865E-8AB9B1C3908E}
	EndGlobalSection
EndGlobal
