
Microsoft Visual Studio Solution File, Format Version 12.00
# Visual Studio Version 17
VisualStudioVersion = 17.7.33711.374
MinimumVisualStudioVersion = 10.0.40219.1
Project("{9A19103F-16F7-4668-BE54-9A1E7A4F7556}") = "Simple", "Simple\Simple.csproj", "{9955466B-E5CA-4971-B52F-D0EBD8D856AB}"
EndProject
Project("{9A19103F-16F7-4668-BE54-9A1E7A4F7556}") = "SimpleSync", "SimpleSync\SimpleSync.csproj", "{2F37482A-B00A-4B5C-A7C8-534E2D71EB61}"
EndProject
Project("{9A19103F-16F7-4668-BE54-9A1E7A4F7556}") = "Diarization", "Diarization\Diarization.csproj", "{0B8C62B9-9607-4004-8ECD-6DEA70598EC9}"
EndProject
Project("{9A19103F-16F7-4668-BE54-9A1E7A4F7556}") = "NAudioMp3", "NAudioMp3\NAudioMp3.csproj", "{2A95B4A4-A93D-40F4-A5F2-139C5D7260F0}"
EndProject
Project("{9A19103F-16F7-4668-BE54-9A1E7A4F7556}") = "NAudioResampleWav", "NAudioResampleWav\NAudioResampleWav.csproj", "{73DB5111-7DC7-4396-8993-0BB7EBB793CE}"
EndProject
Project("{9A19103F-16F7-4668-BE54-9A1E7A4F7556}") = "CoreML", "CoreML\CoreML.csproj", "{9955466B-E5CA-4971-B52F-D0EBD8D856AC}"
EndProject
Project("{9A19103F-16F7-4668-BE54-9A1E7A4F7556}") = "ContinuousRecognition", "ContinuousRecognition\ContinuousRecognition.csproj", "{95FE1AC5-F46C-4E43-A1F5-290F93CB9B6B}"
EndProject
Project("{9A19103F-16F7-4668-BE54-9A1E7A4F7556}") = "Whisper.net", "..\Whisper.net\Whisper.net.csproj", "{A5A05A97-D880-4F87-BCE3-1A5420846F4D}"
EndProject
Project("{9A19103F-16F7-4668-BE54-9A1E7A4F7556}") = "NvidiaCuda", "NvidiaCuda\NvidiaCuda.csproj", "{7AD42B21-D644-4D18-9C89-6A1270581791}"
EndProject
Project("{9A19103F-16F7-4668-BE54-9A1E7A4F7556}") = "BlazorApp", "BlazorApp\BlazorApp\BlazorApp.csproj", "{7BC244E8-E205-46B8-9C23-AAA53528F8E2}"
EndProject
Project("{9A19103F-16F7-4668-BE54-9A1E7A4F7556}") = "BlazorApp.Client", "BlazorApp\BlazorApp.Client\BlazorApp.Client.csproj", "{C4941505-6AB6-4FA7-AD9D-3FA9F93E499E}"
EndProject
Project("{2150E333-8FDC-42A3-9474-1A3956D46DE8}") = "Solution Items", "Solution Items", "{E9502058-C299-4F44-A843-51A5F752FFA8}"
	ProjectSection(SolutionItems) = preProject
		Directory.Build.props = Directory.Build.props
	EndProjectSection
EndProject
Global
	GlobalSection(SolutionConfigurationPlatforms) = preSolution
		Debug|Any CPU = Debug|Any CPU
		Release|Any CPU = Release|Any CPU
	EndGlobalSection
	GlobalSection(ProjectConfigurationPlatforms) = postSolution
		{9955466B-E5CA-4971-B52F-D0EBD8D856AB}.Debug|Any CPU.ActiveCfg = Debug|Any CPU
		{9955466B-E5CA-4971-B52F-D0EBD8D856AB}.Debug|Any CPU.Build.0 = Debug|Any CPU
		{9955466B-E5CA-4971-B52F-D0EBD8D856AB}.Release|Any CPU.ActiveCfg = Release|Any CPU
		{9955466B-E5CA-4971-B52F-D0EBD8D856AB}.Release|Any CPU.Build.0 = Release|Any CPU
		{2F37482A-B00A-4B5C-A7C8-534E2D71EB61}.Debug|Any CPU.ActiveCfg = Debug|Any CPU
		{2F37482A-B00A-4B5C-A7C8-534E2D71EB61}.Debug|Any CPU.Build.0 = Debug|Any CPU
		{2F37482A-B00A-4B5C-A7C8-534E2D71EB61}.Release|Any CPU.ActiveCfg = Release|Any CPU
		{2F37482A-B00A-4B5C-A7C8-534E2D71EB61}.Release|Any CPU.Build.0 = Release|Any CPU
		{0B8C62B9-9607-4004-8ECD-6DEA70598EC9}.Debug|Any CPU.ActiveCfg = Debug|Any CPU
		{0B8C62B9-9607-4004-8ECD-6DEA70598EC9}.Debug|Any CPU.Build.0 = Debug|Any CPU
		{0B8C62B9-9607-4004-8ECD-6DEA70598EC9}.Release|Any CPU.ActiveCfg = Release|Any CPU
		{0B8C62B9-9607-4004-8ECD-6DEA70598EC9}.Release|Any CPU.Build.0 = Release|Any CPU
		{2A95B4A4-A93D-40F4-A5F2-139C5D7260F0}.Debug|Any CPU.ActiveCfg = Debug|Any CPU
		{2A95B4A4-A93D-40F4-A5F2-139C5D7260F0}.Debug|Any CPU.Build.0 = Debug|Any CPU
		{2A95B4A4-A93D-40F4-A5F2-139C5D7260F0}.Release|Any CPU.ActiveCfg = Release|Any CPU
		{2A95B4A4-A93D-40F4-A5F2-139C5D7260F0}.Release|Any CPU.Build.0 = Release|Any CPU
		{73DB5111-7DC7-4396-8993-0BB7EBB793CE}.Debug|Any CPU.ActiveCfg = Debug|Any CPU
		{73DB5111-7DC7-4396-8993-0BB7EBB793CE}.Debug|Any CPU.Build.0 = Debug|Any CPU
		{73DB5111-7DC7-4396-8993-0BB7EBB793CE}.Release|Any CPU.ActiveCfg = Release|Any CPU
		{73DB5111-7DC7-4396-8993-0BB7EBB793CE}.Release|Any CPU.Build.0 = Release|Any CPU
		{9955466B-E5CA-4971-B52F-D0EBD8D856AC}.Debug|Any CPU.ActiveCfg = Debug|Any CPU
		{9955466B-E5CA-4971-B52F-D0EBD8D856AC}.Debug|Any CPU.Build.0 = Debug|Any CPU
		{9955466B-E5CA-4971-B52F-D0EBD8D856AC}.Release|Any CPU.ActiveCfg = Release|Any CPU
		{9955466B-E5CA-4971-B52F-D0EBD8D856AC}.Release|Any CPU.Build.0 = Release|Any CPU
		{95FE1AC5-F46C-4E43-A1F5-290F93CB9B6B}.Debug|Any CPU.ActiveCfg = Debug|Any CPU
		{95FE1AC5-F46C-4E43-A1F5-290F93CB9B6B}.Debug|Any CPU.Build.0 = Debug|Any CPU
		{95FE1AC5-F46C-4E43-A1F5-290F93CB9B6B}.Release|Any CPU.ActiveCfg = Release|Any CPU
		{95FE1AC5-F46C-4E43-A1F5-290F93CB9B6B}.Release|Any CPU.Build.0 = Release|Any CPU
		{A5A05A97-D880-4F87-BCE3-1A5420846F4D}.Debug|Any CPU.ActiveCfg = Debug|Any CPU
		{A5A05A97-D880-4F87-BCE3-1A5420846F4D}.Debug|Any CPU.Build.0 = Debug|Any CPU
		{A5A05A97-D880-4F87-BCE3-1A5420846F4D}.Release|Any CPU.ActiveCfg = Release|Any CPU
		{A5A05A97-D880-4F87-BCE3-1A5420846F4D}.Release|Any CPU.Build.0 = Release|Any CPU
		{7AD42B21-D644-4D18-9C89-6A1270581791}.Debug|Any CPU.ActiveCfg = Debug|Any CPU
		{7AD42B21-D644-4D18-9C89-6A1270581791}.Debug|Any CPU.Build.0 = Debug|Any CPU
		{7AD42B21-D644-4D18-9C89-6A1270581791}.Release|Any CPU.ActiveCfg = Release|Any CPU
		{7AD42B21-D644-4D18-9C89-6A1270581791}.Release|Any CPU.Build.0 = Release|Any CPU
		{CDC1DA51-2EAD-4F69-BD2A-54DEE09EC007}.Debug|Any CPU.ActiveCfg = Debug|Any CPU
		{CDC1DA51-2EAD-4F69-BD2A-54DEE09EC007}.Debug|Any CPU.Build.0 = Debug|Any CPU
		{CDC1DA51-2EAD-4F69-BD2A-54DEE09EC007}.Release|Any CPU.ActiveCfg = Release|Any CPU
		{CDC1DA51-2EAD-4F69-BD2A-54DEE09EC007}.Release|Any CPU.Build.0 = Release|Any CPU
		{7BC244E8-E205-46B8-9C23-AAA53528F8E2}.Debug|Any CPU.ActiveCfg = Debug|Any CPU
		{7BC244E8-E205-46B8-9C23-AAA53528F8E2}.Debug|Any CPU.Build.0 = Debug|Any CPU
		{7BC244E8-E205-46B8-9C23-AAA53528F8E2}.Release|Any CPU.ActiveCfg = Release|Any CPU
		{7BC244E8-E205-46B8-9C23-AAA53528F8E2}.Release|Any CPU.Build.0 = Release|Any CPU
		{C4941505-6AB6-4FA7-AD9D-3FA9F93E499E}.Debug|Any CPU.ActiveCfg = Debug|Any CPU
		{C4941505-6AB6-4FA7-AD9D-3FA9F93E499E}.Debug|Any CPU.Build.0 = Debug|Any CPU
		{C4941505-6AB6-4FA7-AD9D-3FA9F93E499E}.Release|Any CPU.ActiveCfg = Release|Any CPU
		{C4941505-6AB6-4FA7-AD9D-3FA9F93E499E}.Release|Any CPU.Build.0 = Release|Any CPU
	EndGlobalSection
	GlobalSection(SolutionProperties) = preSolution
		HideSolutionNode = FALSE
	EndGlobalSection
	GlobalSection(ExtensibilityGlobals) = postSolution
		SolutionGuid = {9E4ADB6D-A793-4D77-BBC9-05CDA040EAE4}
	EndGlobalSection
EndGlobal
